
Microsoft Visual Studio Solution File, Format Version 12.00
# Visual Studio Version 16
VisualStudioVersion = 16.0.32630.194
MinimumVisualStudioVersion = 10.0.40219.1
Project("{FAE04EC0-301F-11D3-BF4B-00C04F79EFBC}") = "QuizSpiel", "QuizSpiel\QuizSpiel.csproj", "{7BA53577-D312-45E7-B89B-8531F341A5C5}"
EndProject
Global
	GlobalSection(SolutionConfigurationPlatforms) = preSolution
		Debug|Any CPU = Debug|Any CPU
		Release|Any CPU = Release|Any CPU
	EndGlobalSection
	GlobalSection(ProjectConfigurationPlatforms) = postSolution
		{7BA53577-D312-45E7-B89B-8531F341A5C5}.Debug|Any CPU.ActiveCfg = Debug|Any CPU
		{7BA53577-D312-45E7-B89B-8531F341A5C5}.Debug|Any CPU.Build.0 = Debug|Any CPU
		{7BA53577-D312-45E7-B89B-8531F341A5C5}.Release|Any CPU.ActiveCfg = Release|Any CPU
		{7BA53577-D312-45E7-B89B-8531F341A5C5}.Release|Any CPU.Build.0 = Release|Any CPU
	EndGlobalSection
	GlobalSection(SolutionProperties) = preSolution
		HideSolutionNode = FALSE
	EndGlobalSection
	GlobalSection(ExtensibilityGlobals) = postSolution
		SolutionGuid = {6911E3CD-250C-4680-AEBC-A90C06A1E8A9}
	EndGlobalSection
EndGlobal
